
Microsoft Visual Studio Solution File, Format Version 12.00
# Visual Studio Version 16
VisualStudioVersion = 16.0.30717.126
MinimumVisualStudioVersion = 10.0.40219.1
Project("{9A19103F-16F7-4668-BE54-9A1E7A4F7556}") = "Distinct", "Distinct.csproj", "{31589A11-73B7-48F9-9E00-797C5DD08E86}"
EndProject
Project("{FAE04EC0-301F-11D3-BF4B-00C04F79EFBC}") = "Mathematical1", "..\Mathematical1\Mathematical1.csproj", "{CD391069-F22F-44E7-A6D2-4A8CC53C57EF}"
EndProject
Global
	GlobalSection(SolutionConfigurationPlatforms) = preSolution
		Debug|Any CPU = Debug|Any CPU
		Release|Any CPU = Release|Any CPU
	EndGlobalSection
	GlobalSection(ProjectConfigurationPlatforms) = postSolution
		{31589A11-73B7-48F9-9E00-797C5DD08E86}.Debug|Any CPU.ActiveCfg = Debug|Any CPU
		{31589A11-73B7-48F9-9E00-797C5DD08E86}.Debug|Any CPU.Build.0 = Debug|Any CPU
		{31589A11-73B7-48F9-9E00-797C5DD08E86}.Release|Any CPU.ActiveCfg = Release|Any CPU
		{31589A11-73B7-48F9-9E00-797C5DD08E86}.Release|Any CPU.Build.0 = Release|Any CPU
		{CD391069-F22F-44E7-A6D2-4A8CC53C57EF}.Debug|Any CPU.ActiveCfg = Debug|Any CPU
		{CD391069-F22F-44E7-A6D2-4A8CC53C57EF}.Debug|Any CPU.Build.0 = Debug|Any CPU
		{CD391069-F22F-44E7-A6D2-4A8CC53C57EF}.Release|Any CPU.ActiveCfg = Release|Any CPU
		{CD391069-F22F-44E7-A6D2-4A8CC53C57EF}.Release|Any CPU.Build.0 = Release|Any CPU
	EndGlobalSection
	GlobalSection(SolutionProperties) = preSolution
		HideSolutionNode = FALSE
	EndGlobalSection
	GlobalSection(ExtensibilityGlobals) = postSolution
		SolutionGuid = {A4FD0639-2F04-455C-965F-C3E7B20A32B5}
	EndGlobalSection
EndGlobal
